{
  "lockfileVersion": 2,
  "configVersion": 1,
  "workspaces": {
    "": {
      "name": "vivi-typescript-rewrite",
      "devDependencies": {
        "@github/copilot-sdk": "1.0.14",
        "@opentui/core": "0.5.11",
        "@types/bun": "1.4.2",
        "typescript": "7.0.2",
      },
    },
    "packages/copilot-adapter": {
      "name": "@vivi/copilot-adapter",
      "version": "0.1.0",
      "dependencies": {
        "@github/copilot-sdk": "1.0.14",
        "@vivi/core": "workspace:*",
      },
    },
    "packages/core": {
      "name": "@vivi/core",
      "version": "0.1.0",
    },
    "packages/frontend-opentui": {
      "name": "@vivi/frontend-opentui",
      "version": "0.1.0",
      "dependencies": {
        "@opentui/core": "0.5.11",
        "@vivi/core": "workspace:*",
      },
    },
    "packages/testkit": {
      "name": "@vivi/testkit",
      "version": "0.1.0",
      "dependencies": {
        "@vivi/core": "workspace:*",
      },
    },
  },
  "packages": {
    "@github/copilot-sdk": ["@github/copilot-sdk@1.0.14", "https://ms-feed-25.pkgs.visualstudio.com/1es-public/_packaging/npm-public/npm/registry/@github/copilot-sdk/-/copilot-sdk-1.0.14.tgz", { "dependencies": { "koffi": "^3.2.1", "vscode-jsonrpc": "^8.2.1", "zod": "^4.3.6" }, "optionalDependencies": { "@github/copilot-sdk-darwin-arm64": "1.0.14", "@github/copilot-sdk-darwin-x64": "1.0.14", "@github/copilot-sdk-linux-arm64": "1.0.14", "@github/copilot-sdk-linux-x64": "1.0.14", "@github/copilot-sdk-linuxmusl-arm64": "1.0.14", "@github/copilot-sdk-linuxmusl-x64": "1.0.14", "@github/copilot-sdk-win32-arm64": "1.0.14", "@github/copilot-sdk-win32-x64": "1.0.14" } }, "sha1-5KMY/PKkDCdjmYptIQ9d4S6XZO8="],

    "@github/copilot-sdk-darwin-arm64": ["@github/copilot-sdk-darwin-arm64@1.0.14", "https://ms-feed-25.pkgs.visualstudio.com/1es-public/_packaging/npm-public/npm/registry/@github/copilot-sdk-darwin-arm64/-/copilot-sdk-darwin-arm64-1.0.14.tgz", { "os": "darwin", "cpu": "arm64" }, "sha1-SbD2tZ9iloFt2OhIUSUmu5vyLi0="],

    "@github/copilot-sdk-darwin-x64": ["@github/copilot-sdk-darwin-x64@1.0.14", "https://ms-feed-25.pkgs.visualstudio.com/1es-public/_packaging/npm-public/npm/registry/@github/copilot-sdk-darwin-x64/-/copilot-sdk-darwin-x64-1.0.14.tgz", { "os": "darwin", "cpu": "x64" }, "sha1-qLDcgBoAH8qUcA4+QdDV3vTnJos="],

    "@github/copilot-sdk-linux-arm64": ["@github/copilot-sdk-linux-arm64@1.0.14", "https://ms-feed-25.pkgs.visualstudio.com/1es-public/_packaging/npm-public/npm/registry/@github/copilot-sdk-linux-arm64/-/copilot-sdk-linux-arm64-1.0.14.tgz", { "os": "linux", "cpu": "arm64" }, "sha1-eh9OogNHB9DBROWgBhUPJYpyv/k="],

    "@github/copilot-sdk-linux-x64": ["@github/copilot-sdk-linux-x64@1.0.14", "https://ms-feed-25.pkgs.visualstudio.com/1es-public/_packaging/npm-public/npm/registry/@github/copilot-sdk-linux-x64/-/copilot-sdk-linux-x64-1.0.14.tgz", { "os": "linux", "cpu": "x64" }, "sha1-WGXYaNCZbZoAMUdyXiRJKP/lotg="],

    "@github/copilot-sdk-linuxmusl-arm64": ["@github/copilot-sdk-linuxmusl-arm64@1.0.14", "https://ms-feed-25.pkgs.visualstudio.com/1es-public/_packaging/npm-public/npm/registry/@github/copilot-sdk-linuxmusl-arm64/-/copilot-sdk-linuxmusl-arm64-1.0.14.tgz", { "os": "linux", "cpu": "arm64" }, "sha1-qP1YyNeciwtm6ywVTRcG0KV231Q="],

    "@github/copilot-sdk-linuxmusl-x64": ["@github/copilot-sdk-linuxmusl-x64@1.0.14", "https://ms-feed-25.pkgs.visualstudio.com/1es-public/_packaging/npm-public/npm/registry/@github/copilot-sdk-linuxmusl-x64/-/copilot-sdk-linuxmusl-x64-1.0.14.tgz", { "os": "linux", "cpu": "x64" }, "sha1-xIYVABmgAhY5k5xakewFsO2SmXA="],

    "@github/copilot-sdk-win32-arm64": ["@github/copilot-sdk-win32-arm64@1.0.14", "https://ms-feed-25.pkgs.visualstudio.com/1es-public/_packaging/npm-public/npm/registry/@github/copilot-sdk-win32-arm64/-/copilot-sdk-win32-arm64-1.0.14.tgz", { "os": "win32", "cpu": "arm64" }, "sha1-VIE/U7d+zDo5ER33KSSOHAdQdwQ="],

    "@github/copilot-sdk-win32-x64": ["@github/copilot-sdk-win32-x64@1.0.14", "https://ms-feed-25.pkgs.visualstudio.com/1es-public/_packaging/npm-public/npm/registry/@github/copilot-sdk-win32-x64/-/copilot-sdk-win32-x64-1.0.14.tgz", { "os": "win32", "cpu": "x64" }, "sha1-ln2DLOpjnYvFx8sONjaj9s2aIho="],

    "@koromix/koffi-android-arm64": ["@koromix/koffi-android-arm64@3.2.1", "https://ms-feed-25.pkgs.visualstudio.com/1es-public/_packaging/npm-public/npm/registry/@koromix/koffi-android-arm64/-/koffi-android-arm64-3.2.1.tgz", { "os": "android", "cpu": "arm64" }, "sha1-Lc55jTZp0re1bpwCqKaidKvWx8Y="],

    "@koromix/koffi-android-x64": ["@koromix/koffi-android-x64@3.2.1", "https://ms-feed-25.pkgs.visualstudio.com/1es-public/_packaging/npm-public/npm/registry/@koromix/koffi-android-x64/-/koffi-android-x64-3.2.1.tgz", { "os": "android", "cpu": "x64" }, "sha1-TQr8uvZgQjEKwbOs8sWMb/6XN0M="],

    "@koromix/koffi-darwin-arm64": ["@koromix/koffi-darwin-arm64@3.2.1", "https://ms-feed-25.pkgs.visualstudio.com/1es-public/_packaging/npm-public/npm/registry/@koromix/koffi-darwin-arm64/-/koffi-darwin-arm64-3.2.1.tgz", { "os": "darwin", "cpu": "arm64" }, "sha1-IP1RZvBGbrn1lplQbLeK8cUgfQk="],

    "@koromix/koffi-darwin-x64": ["@koromix/koffi-darwin-x64@3.2.1", "https://ms-feed-25.pkgs.visualstudio.com/1es-public/_packaging/npm-public/npm/registry/@koromix/koffi-darwin-x64/-/koffi-darwin-x64-3.2.1.tgz", { "os": "darwin", "cpu": "x64" }, "sha1-A+TMtBoFV58aKcKB5IJiEzF89so="],

    "@koromix/koffi-freebsd-arm64": ["@koromix/koffi-freebsd-arm64@3.2.1", "https://ms-feed-25.pkgs.visualstudio.com/1es-public/_packaging/npm-public/npm/registry/@koromix/koffi-freebsd-arm64/-/koffi-freebsd-arm64-3.2.1.tgz", { "os": "freebsd", "cpu": "arm64" }, "sha1-0+Tp8iGTKchvN7woVoXriVpSgb0="],

    "@koromix/koffi-freebsd-ia32": ["@koromix/koffi-freebsd-ia32@3.2.1", "https://ms-feed-25.pkgs.visualstudio.com/1es-public/_packaging/npm-public/npm/registry/@koromix/koffi-freebsd-ia32/-/koffi-freebsd-ia32-3.2.1.tgz", { "os": "freebsd", "cpu": "ia32" }, "sha1-hphgO4/QJ8Hs9tw6rX303Bbv398="],

    "@koromix/koffi-freebsd-x64": ["@koromix/koffi-freebsd-x64@3.2.1", "https://ms-feed-25.pkgs.visualstudio.com/1es-public/_packaging/npm-public/npm/registry/@koromix/koffi-freebsd-x64/-/koffi-freebsd-x64-3.2.1.tgz", { "os": "freebsd", "cpu": "x64" }, "sha1-hROyr0V+Jtl+gNNPY8vwBjhzBYY="],

    "@koromix/koffi-linux-arm": ["@koromix/koffi-linux-arm@3.2.1", "https://ms-feed-25.pkgs.visualstudio.com/1es-public/_packaging/npm-public/npm/registry/@koromix/koffi-linux-arm/-/koffi-linux-arm-3.2.1.tgz", { "os": "linux", "cpu": "arm" }, "sha1-U8kNnV+aiTlB862CivSHs3lejuE="],

    "@koromix/koffi-linux-arm64": ["@koromix/koffi-linux-arm64@3.2.1", "https://ms-feed-25.pkgs.visualstudio.com/1es-public/_packaging/npm-public/npm/registry/@koromix/koffi-linux-arm64/-/koffi-linux-arm64-3.2.1.tgz", { "os": "linux", "cpu": "arm64" }, "sha1-ddSlPuDQYfoVnMG+eugLBNEAkg8="],

    "@koromix/koffi-linux-ia32": ["@koromix/koffi-linux-ia32@3.2.1", "https://ms-feed-25.pkgs.visualstudio.com/1es-public/_packaging/npm-public/npm/registry/@koromix/koffi-linux-ia32/-/koffi-linux-ia32-3.2.1.tgz", { "os": "linux", "cpu": "ia32" }, "sha1-TvuhuJjnO2GNIqngyfPp0R192rQ="],

    "@koromix/koffi-linux-loong64": ["@koromix/koffi-linux-loong64@3.2.1", "https://ms-feed-25.pkgs.visualstudio.com/1es-public/_packaging/npm-public/npm/registry/@koromix/koffi-linux-loong64/-/koffi-linux-loong64-3.2.1.tgz", { "os": "linux", "cpu": "none" }, "sha1-Kg2NCvf2bpXiVxEeX1TsIQjYs7g="],

    "@koromix/koffi-linux-riscv64": ["@koromix/koffi-linux-riscv64@3.2.1", "https://ms-feed-25.pkgs.visualstudio.com/1es-public/_packaging/npm-public/npm/registry/@koromix/koffi-linux-riscv64/-/koffi-linux-riscv64-3.2.1.tgz", { "os": "linux", "cpu": "none" }, "sha1-1VWiDsNvfBkM8W/vEFWkKtkYPU0="],

    "@koromix/koffi-linux-x64": ["@koromix/koffi-linux-x64@3.2.1", "https://ms-feed-25.pkgs.visualstudio.com/1es-public/_packaging/npm-public/npm/registry/@koromix/koffi-linux-x64/-/koffi-linux-x64-3.2.1.tgz", { "os": "linux", "cpu": "x64" }, "sha1-I3tGQNc4A+tny7pDe1Eu2HkzgD0="],

    "@koromix/koffi-openbsd-ia32": ["@koromix/koffi-openbsd-ia32@3.2.1", "https://ms-feed-25.pkgs.visualstudio.com/1es-public/_packaging/npm-public/npm/registry/@koromix/koffi-openbsd-ia32/-/koffi-openbsd-ia32-3.2.1.tgz", { "os": "openbsd", "cpu": "ia32" }, "sha1-QzemOyiO/9HqwdOHbXlK4rfuPRg="],

    "@koromix/koffi-openbsd-x64": ["@koromix/koffi-openbsd-x64@3.2.1", "https://ms-feed-25.pkgs.visualstudio.com/1es-public/_packaging/npm-public/npm/registry/@koromix/koffi-openbsd-x64/-/koffi-openbsd-x64-3.2.1.tgz", { "os": "openbsd", "cpu": "x64" }, "sha1-xZycfkCVP/t+MvjY+8sZ/zio7wM="],

    "@koromix/koffi-win32-arm64": ["@koromix/koffi-win32-arm64@3.2.1", "https://ms-feed-25.pkgs.visualstudio.com/1es-public/_packaging/npm-public/npm/registry/@koromix/koffi-win32-arm64/-/koffi-win32-arm64-3.2.1.tgz", { "os": "win32", "cpu": "arm64" }, "sha1-kVoYz1dHK16cbXFoE7w5mDekUU4="],

    "@koromix/koffi-win32-ia32": ["@koromix/koffi-win32-ia32@3.2.1", "https://ms-feed-25.pkgs.visualstudio.com/1es-public/_packaging/npm-public/npm/registry/@koromix/koffi-win32-ia32/-/koffi-win32-ia32-3.2.1.tgz", { "os": "win32", "cpu": "ia32" }, "sha1-n60joxMqlAcm//MI5bKXVRepoys="],

    "@koromix/koffi-win32-x64": ["@koromix/koffi-win32-x64@3.2.1", "https://ms-feed-25.pkgs.visualstudio.com/1es-public/_packaging/npm-public/npm/registry/@koromix/koffi-win32-x64/-/koffi-win32-x64-3.2.1.tgz", { "os": "win32", "cpu": "x64" }, "sha1-nTgKsOqLz7oW9P7aLJ6jYw/1Yg8="],

    "@opentui/core": ["@opentui/core@0.5.11", "https://ms-feed-25.pkgs.visualstudio.com/1es-public/_packaging/npm-public/npm/registry/@opentui/core/-/core-0.5.11.tgz", { "dependencies": { "bun-ffi-structs": "0.3.1", "diff": "9.0.0", "marked": "17.0.1", "string-width": "7.2.0", "strip-ansi": "7.1.2" }, "optionalDependencies": { "@opentui/core-darwin-arm64": "0.5.11", "@opentui/core-darwin-x64": "0.5.11", "@opentui/core-linux-arm64": "0.5.11", "@opentui/core-linux-arm64-musl": "0.5.11", "@opentui/core-linux-x64": "0.5.11", "@opentui/core-linux-x64-musl": "0.5.11", "@opentui/core-win32-arm64": "0.5.11", "@opentui/core-win32-x64": "0.5.11" }, "peerDependencies": { "web-tree-sitter": "0.25.10" } }, "sha1-wM2s0H41b1FXhAYOd+C07gfMCEg="],

    "@opentui/core-darwin-arm64": ["@opentui/core-darwin-arm64@0.5.11", "https://ms-feed-25.pkgs.visualstudio.com/1es-public/_packaging/npm-public/npm/registry/@opentui/core-darwin-arm64/-/core-darwin-arm64-0.5.11.tgz", { "os": "darwin", "cpu": "arm64" }, "sha1-uT6pTVYC5t4ZVh0qLrQE740bglY="],

    "@opentui/core-darwin-x64": ["@opentui/core-darwin-x64@0.5.11", "https://ms-feed-25.pkgs.visualstudio.com/1es-public/_packaging/npm-public/npm/registry/@opentui/core-darwin-x64/-/core-darwin-x64-0.5.11.tgz", { "os": "darwin", "cpu": "x64" }, "sha1-Yhbui04r0KsN7y2MjQMznfbD118="],

    "@opentui/core-linux-arm64": ["@opentui/core-linux-arm64@0.5.11", "https://ms-feed-25.pkgs.visualstudio.com/1es-public/_packaging/npm-public/npm/registry/@opentui/core-linux-arm64/-/core-linux-arm64-0.5.11.tgz", { "os": "linux", "cpu": "arm64" }, "sha1-nsIYjgeOMDh1P2OUKOze7EgzxuY="],

    "@opentui/core-linux-arm64-musl": ["@opentui/core-linux-arm64-musl@0.5.11", "https://ms-feed-25.pkgs.visualstudio.com/1es-public/_packaging/npm-public/npm/registry/@opentui/core-linux-arm64-musl/-/core-linux-arm64-musl-0.5.11.tgz", { "os": "linux", "cpu": "arm64" }, "sha1-+mkRLSGQO5tBctP5nGSSr3QanFg="],

    "@opentui/core-linux-x64": ["@opentui/core-linux-x64@0.5.11", "https://ms-feed-25.pkgs.visualstudio.com/1es-public/_packaging/npm-public/npm/registry/@opentui/core-linux-x64/-/core-linux-x64-0.5.11.tgz", { "os": "linux", "cpu": "x64" }, "sha1-xZspiGJy4zEs9NfpZyg/T4+CmHE="],

    "@opentui/core-linux-x64-musl": ["@opentui/core-linux-x64-musl@0.5.11", "https://ms-feed-25.pkgs.visualstudio.com/1es-public/_packaging/npm-public/npm/registry/@opentui/core-linux-x64-musl/-/core-linux-x64-musl-0.5.11.tgz", { "os": "linux", "cpu": "x64" }, "sha1-kRfTjwSFtJfdWru49jCeDHBNej0="],

    "@opentui/core-win32-arm64": ["@opentui/core-win32-arm64@0.5.11", "https://ms-feed-25.pkgs.visualstudio.com/1es-public/_packaging/npm-public/npm/registry/@opentui/core-win32-arm64/-/core-win32-arm64-0.5.11.tgz", { "os": "win32", "cpu": "arm64" }, "sha1-PW98G9hpY3iKMs4bkRHepKrJ+Ic="],

    "@opentui/core-win32-x64": ["@opentui/core-win32-x64@0.5.11", "https://ms-feed-25.pkgs.visualstudio.com/1es-public/_packaging/npm-public/npm/registry/@opentui/core-win32-x64/-/core-win32-x64-0.5.11.tgz", { "os": "win32", "cpu": "x64" }, "sha1-1+UErjZoXgP09b7V5gDEc4JG1xA="],

    "@types/bun": ["@types/bun@1.4.2", "https://ms-feed-25.pkgs.visualstudio.com/1es-public/_packaging/npm-public/npm/registry/@types/bun/-/bun-1.4.2.tgz", { "dependencies": { "bun-types": "1.4.2" } }, "sha1-LmspxtSEaAufF35yJt8o+sStbZE="],

    "@types/node": ["@types/node@26.5.1", "https://ms-feed-25.pkgs.visualstudio.com/1es-public/_packaging/npm-public/npm/registry/@types/node/-/node-26.5.1.tgz", { "dependencies": { "undici-types": "~8.9.0" } }, "sha1-sZw5DhWBP0AqlLhuOvkEL3khOL4="],

    "@typescript/typescript-aix-ppc64": ["@typescript/typescript-aix-ppc64@7.0.2", "https://ms-feed-25.pkgs.visualstudio.com/1es-public/_packaging/npm-public/npm/registry/@typescript/typescript-aix-ppc64/-/typescript-aix-ppc64-7.0.2.tgz", { "os": "aix", "cpu": "ppc64" }, "sha1-zcfOgdYPHgkDSWDd+x+4gNendrY="],

    "@typescript/typescript-darwin-arm64": ["@typescript/typescript-darwin-arm64@7.0.2", "https://ms-feed-25.pkgs.visualstudio.com/1es-public/_packaging/npm-public/npm/registry/@typescript/typescript-darwin-arm64/-/typescript-darwin-arm64-7.0.2.tgz", { "os": "darwin", "cpu": "arm64" }, "sha1-pV/fz6WN9Y0n2yI3zealweNacjU="],

    "@typescript/typescript-darwin-x64": ["@typescript/typescript-darwin-x64@7.0.2", "https://ms-feed-25.pkgs.visualstudio.com/1es-public/_packaging/npm-public/npm/registry/@typescript/typescript-darwin-x64/-/typescript-darwin-x64-7.0.2.tgz", { "os": "darwin", "cpu": "x64" }, "sha1-ONHJFygAqR1we+xk0qNwoBZjTbQ="],

    "@typescript/typescript-freebsd-arm64": ["@typescript/typescript-freebsd-arm64@7.0.2", "https://ms-feed-25.pkgs.visualstudio.com/1es-public/_packaging/npm-public/npm/registry/@typescript/typescript-freebsd-arm64/-/typescript-freebsd-arm64-7.0.2.tgz", { "os": "freebsd", "cpu": "arm64" }, "sha1-8f+IEAMLNdK1vg22otxlBGDqlPo="],

    "@typescript/typescript-freebsd-x64": ["@typescript/typescript-freebsd-x64@7.0.2", "https://ms-feed-25.pkgs.visualstudio.com/1es-public/_packaging/npm-public/npm/registry/@typescript/typescript-freebsd-x64/-/typescript-freebsd-x64-7.0.2.tgz", { "os": "freebsd", "cpu": "x64" }, "sha1-PYawPzU8WxupUWLrbONVM7/ClL0="],

    "@typescript/typescript-linux-arm": ["@typescript/typescript-linux-arm@7.0.2", "https://ms-feed-25.pkgs.visualstudio.com/1es-public/_packaging/npm-public/npm/registry/@typescript/typescript-linux-arm/-/typescript-linux-arm-7.0.2.tgz", { "os": "linux", "cpu": "arm" }, "sha1-rZS0HhruKk3MaimMe2fEM0X94y4="],

    "@typescript/typescript-linux-arm64": ["@typescript/typescript-linux-arm64@7.0.2", "https://ms-feed-25.pkgs.visualstudio.com/1es-public/_packaging/npm-public/npm/registry/@typescript/typescript-linux-arm64/-/typescript-linux-arm64-7.0.2.tgz", { "os": "linux", "cpu": "arm64" }, "sha1-2TNNltbaxv+F2pyGVYiUjek56R8="],

    "@typescript/typescript-linux-loong64": ["@typescript/typescript-linux-loong64@7.0.2", "https://ms-feed-25.pkgs.visualstudio.com/1es-public/_packaging/npm-public/npm/registry/@typescript/typescript-linux-loong64/-/typescript-linux-loong64-7.0.2.tgz", { "os": "linux", "cpu": "none" }, "sha1-KWWu5PyHM2ATnYk9qv5jl6KROK0="],

    "@typescript/typescript-linux-mips64el": ["@typescript/typescript-linux-mips64el@7.0.2", "https://ms-feed-25.pkgs.visualstudio.com/1es-public/_packaging/npm-public/npm/registry/@typescript/typescript-linux-mips64el/-/typescript-linux-mips64el-7.0.2.tgz", { "os": "linux", "cpu": "none" }, "sha1-Goh6MRvtOoM/gL/Uqe03wnGTbPA="],

    "@typescript/typescript-linux-ppc64": ["@typescript/typescript-linux-ppc64@7.0.2", "https://ms-feed-25.pkgs.visualstudio.com/1es-public/_packaging/npm-public/npm/registry/@typescript/typescript-linux-ppc64/-/typescript-linux-ppc64-7.0.2.tgz", { "os": "linux", "cpu": "ppc64" }, "sha1-i2PJsvRFs5PrTkPsIdoiXa3jV30="],

    "@typescript/typescript-linux-riscv64": ["@typescript/typescript-linux-riscv64@7.0.2", "https://ms-feed-25.pkgs.visualstudio.com/1es-public/_packaging/npm-public/npm/registry/@typescript/typescript-linux-riscv64/-/typescript-linux-riscv64-7.0.2.tgz", { "os": "linux", "cpu": "none" }, "sha1-tuijXCibPql6kqQdRhqu7Q07NuE="],

    "@typescript/typescript-linux-s390x": ["@typescript/typescript-linux-s390x@7.0.2", "https://ms-feed-25.pkgs.visualstudio.com/1es-public/_packaging/npm-public/npm/registry/@typescript/typescript-linux-s390x/-/typescript-linux-s390x-7.0.2.tgz", { "os": "linux", "cpu": "s390x" }, "sha1-Lvlmk75IYfbReWVCflsAnLvtGj4="],

    "@typescript/typescript-linux-x64": ["@typescript/typescript-linux-x64@7.0.2", "https://ms-feed-25.pkgs.visualstudio.com/1es-public/_packaging/npm-public/npm/registry/@typescript/typescript-linux-x64/-/typescript-linux-x64-7.0.2.tgz", { "os": "linux", "cpu": "x64" }, "sha1-cyacsLq6UK6gygYERaa4jlg/HOI="],

    "@typescript/typescript-netbsd-arm64": ["@typescript/typescript-netbsd-arm64@7.0.2", "https://ms-feed-25.pkgs.visualstudio.com/1es-public/_packaging/npm-public/npm/registry/@typescript/typescript-netbsd-arm64/-/typescript-netbsd-arm64-7.0.2.tgz", { "os": "none", "cpu": "arm64" }, "sha1-OjZJ+X+vohC05uN5jBXgZgXIqQE="],

    "@typescript/typescript-netbsd-x64": ["@typescript/typescript-netbsd-x64@7.0.2", "https://ms-feed-25.pkgs.visualstudio.com/1es-public/_packaging/npm-public/npm/registry/@typescript/typescript-netbsd-x64/-/typescript-netbsd-x64-7.0.2.tgz", { "os": "none", "cpu": "x64" }, "sha1-R+xZSRpAxHDSgH3E0rglUo/Zeas="],

    "@typescript/typescript-openbsd-arm64": ["@typescript/typescript-openbsd-arm64@7.0.2", "https://ms-feed-25.pkgs.visualstudio.com/1es-public/_packaging/npm-public/npm/registry/@typescript/typescript-openbsd-arm64/-/typescript-openbsd-arm64-7.0.2.tgz", { "os": "openbsd", "cpu": "arm64" }, "sha1-eWvo2gvZidij+5bygB44qDZbS68="],

    "@typescript/typescript-openbsd-x64": ["@typescript/typescript-openbsd-x64@7.0.2", "https://ms-feed-25.pkgs.visualstudio.com/1es-public/_packaging/npm-public/npm/registry/@typescript/typescript-openbsd-x64/-/typescript-openbsd-x64-7.0.2.tgz", { "os": "openbsd", "cpu": "x64" }, "sha1-03/ipynrlCwHbEVO5/GBX699Vg8="],

    "@typescript/typescript-sunos-x64": ["@typescript/typescript-sunos-x64@7.0.2", "https://ms-feed-25.pkgs.visualstudio.com/1es-public/_packaging/npm-public/npm/registry/@typescript/typescript-sunos-x64/-/typescript-sunos-x64-7.0.2.tgz", { "os": "sunos", "cpu": "x64" }, "sha1-q6jTRkw1ZacER4m6upaRa9SrLIg="],

    "@typescript/typescript-win32-arm64": ["@typescript/typescript-win32-arm64@7.0.2", "https://ms-feed-25.pkgs.visualstudio.com/1es-public/_packaging/npm-public/npm/registry/@typescript/typescript-win32-arm64/-/typescript-win32-arm64-7.0.2.tgz", { "os": "win32", "cpu": "arm64" }, "sha1-ud5QoXGWOD9iYgtfnQovNK07YNc="],

    "@typescript/typescript-win32-x64": ["@typescript/typescript-win32-x64@7.0.2", "https://ms-feed-25.pkgs.visualstudio.com/1es-public/_packaging/npm-public/npm/registry/@typescript/typescript-win32-x64/-/typescript-win32-x64-7.0.2.tgz", { "os": "win32", "cpu": "x64" }, "sha1-zzt7DWzlY12spMjgHBic3N5H7Dw="],

    "@vivi/copilot-adapter": ["@vivi/copilot-adapter@workspace:packages/copilot-adapter"],

    "@vivi/core": ["@vivi/core@workspace:packages/core"],

    "@vivi/frontend-opentui": ["@vivi/frontend-opentui@workspace:packages/frontend-opentui"],

    "@vivi/testkit": ["@vivi/testkit@workspace:packages/testkit"],

    "ansi-regex": ["ansi-regex@6.3.0", "https://ms-feed-25.pkgs.visualstudio.com/1es-public/_packaging/npm-public/npm/registry/ansi-regex/-/ansi-regex-6.3.0.tgz", {}, "sha1-JHyOe3ChpDsQzhTAIm/L9Y6IFdU="],

    "bun-ffi-structs": ["bun-ffi-structs@0.3.1", "https://ms-feed-25.pkgs.visualstudio.com/1es-public/_packaging/npm-public/npm/registry/bun-ffi-structs/-/bun-ffi-structs-0.3.1.tgz", { "peerDependencies": { "typescript": "^5" } }, "sha1-ivLzUaUTEKhnPb5gww260R14puw="],

    "bun-types": ["bun-types@1.4.2", "https://ms-feed-25.pkgs.visualstudio.com/1es-public/_packaging/npm-public/npm/registry/bun-types/-/bun-types-1.4.2.tgz", { "dependencies": { "@types/node": "*" } }, "sha1-jyE7AmMYfkoSUgoG0ZWyGb+GhNk="],

    "diff": ["diff@9.0.0", "https://ms-feed-25.pkgs.visualstudio.com/1es-public/_packaging/npm-public/npm/registry/diff/-/diff-9.0.0.tgz", {}, "sha1-KXwxzXwoDxPf4zV5HsIGO9SnOm8="],

    "emoji-regex": ["emoji-regex@10.6.0", "https://ms-feed-25.pkgs.visualstudio.com/1es-public/_packaging/npm-public/npm/registry/emoji-regex/-/emoji-regex-10.6.0.tgz", {}, "sha1-vz1uj3+P0ipl2XA0dbwBRzV6aw0="],

    "get-east-asian-width": ["get-east-asian-width@1.6.0", "https://ms-feed-25.pkgs.visualstudio.com/1es-public/_packaging/npm-public/npm/registry/get-east-asian-width/-/get-east-asian-width-1.6.0.tgz", {}, "sha1-IWkA+R3xGossGYw+HZPWwDWndrk="],

    "koffi": ["koffi@3.2.1", "https://ms-feed-25.pkgs.visualstudio.com/1es-public/_packaging/npm-public/npm/registry/koffi/-/koffi-3.2.1.tgz", { "optionalDependencies": { "@koromix/koffi-android-arm64": "3.2.1", "@koromix/koffi-android-x64": "3.2.1", "@koromix/koffi-darwin-arm64": "3.2.1", "@koromix/koffi-darwin-x64": "3.2.1", "@koromix/koffi-freebsd-arm64": "3.2.1", "@koromix/koffi-freebsd-ia32": "3.2.1", "@koromix/koffi-freebsd-x64": "3.2.1", "@koromix/koffi-linux-arm": "3.2.1", "@koromix/koffi-linux-arm64": "3.2.1", "@koromix/koffi-linux-ia32": "3.2.1", "@koromix/koffi-linux-loong64": "3.2.1", "@koromix/koffi-linux-riscv64": "3.2.1", "@koromix/koffi-linux-x64": "3.2.1", "@koromix/koffi-openbsd-ia32": "3.2.1", "@koromix/koffi-openbsd-x64": "3.2.1", "@koromix/koffi-win32-arm64": "3.2.1", "@koromix/koffi-win32-ia32": "3.2.1", "@koromix/koffi-win32-x64": "3.2.1" } }, "sha1-lPmhEdssUTzdchscXYwk2DjCziU="],

    "marked": ["marked@17.0.1", "https://ms-feed-25.pkgs.visualstudio.com/1es-public/_packaging/npm-public/npm/registry/marked/-/marked-17.0.1.tgz", { "bin": { "marked": "bin/marked.js" } }, "sha1-nbNBl6wUXlkpVy7knvcB437psuY="],

    "string-width": ["string-width@7.2.0", "https://ms-feed-25.pkgs.visualstudio.com/1es-public/_packaging/npm-public/npm/registry/string-width/-/string-width-7.2.0.tgz", { "dependencies": { "emoji-regex": "^10.3.0", "get-east-asian-width": "^1.0.0", "strip-ansi": "^7.1.0" } }, "sha1-tbuOIWXOJ11NQ0dt0nAK2Qkdttw="],

    "strip-ansi": ["strip-ansi@7.1.2", "https://ms-feed-25.pkgs.visualstudio.com/1es-public/_packaging/npm-public/npm/registry/strip-ansi/-/strip-ansi-7.1.2.tgz", { "dependencies": { "ansi-regex": "^6.0.1" } }, "sha1-Eyh1q95njH6o1pFTPy5+Irt0Tbo="],

    "typescript": ["typescript@7.0.2", "https://ms-feed-25.pkgs.visualstudio.com/1es-public/_packaging/npm-public/npm/registry/typescript/-/typescript-7.0.2.tgz", { "optionalDependencies": { "@typescript/typescript-aix-ppc64": "7.0.2", "@typescript/typescript-darwin-arm64": "7.0.2", "@typescript/typescript-darwin-x64": "7.0.2", "@typescript/typescript-freebsd-arm64": "7.0.2", "@typescript/typescript-freebsd-x64": "7.0.2", "@typescript/typescript-linux-arm": "7.0.2", "@typescript/typescript-linux-arm64": "7.0.2", "@typescript/typescript-linux-loong64": "7.0.2", "@typescript/typescript-linux-mips64el": "7.0.2", "@typescript/typescript-linux-ppc64": "7.0.2", "@typescript/typescript-linux-riscv64": "7.0.2", "@typescript/typescript-linux-s390x": "7.0.2", "@typescript/typescript-linux-x64": "7.0.2", "@typescript/typescript-netbsd-arm64": "7.0.2", "@typescript/typescript-netbsd-x64": "7.0.2", "@typescript/typescript-openbsd-arm64": "7.0.2", "@typescript/typescript-openbsd-x64": "7.0.2", "@typescript/typescript-sunos-x64": "7.0.2", "@typescript/typescript-win32-arm64": "7.0.2", "@typescript/typescript-win32-x64": "7.0.2" }, "bin": { "tsc": "./bin/tsc" } }, "sha1-nsdz15VKjBgsF8xbvVdaoovFFYI="],

    "undici-types": ["undici-types@8.9.0", "https://ms-feed-25.pkgs.visualstudio.com/1es-public/_packaging/npm-public/npm/registry/undici-types/-/undici-types-8.9.0.tgz", {}, "sha1-4kDZfItdheU0fOc9JYZceQbB7J8="],

    "vscode-jsonrpc": ["vscode-jsonrpc@8.2.1", "https://ms-feed-25.pkgs.visualstudio.com/1es-public/_packaging/npm-public/npm/registry/vscode-jsonrpc/-/vscode-jsonrpc-8.2.1.tgz", {}, "sha1-oyLMDx2X95T/2cTNKomKC94JfzQ="],

    "web-tree-sitter": ["web-tree-sitter@0.25.10", "https://ms-feed-25.pkgs.visualstudio.com/1es-public/_packaging/npm-public/npm/registry/web-tree-sitter/-/web-tree-sitter-0.25.10.tgz", { "peerDependencies": { "@types/emscripten": "^1.40.0" }, "optionalPeers": ["@types/emscripten"] }, "sha1-sh8d96qoetI1tMPQcAUWg0lJZwY="],

    "zod": ["zod@4.6.2", "https://ms-feed-25.pkgs.visualstudio.com/1es-public/_packaging/npm-public/npm/registry/zod/-/zod-4.6.2.tgz", {}, "sha512-lh5RCAGFa1Cm2hjtNwLQhSs/AsqdWnTQaBER9fEwN/88pSh7KOtJavtBx/0VlkN/uFd61SwYmljLMDAsHlvzBQ=="],
  }
}
